Microsoft Visual Studio Solution File, Format Version 11.00
# Visual Studio 2008

Project("{C0089E65-7959-3F10-4F5C-CE8F8CA3ED0A}") = "strategy", "Assembly-CSharp.csproj", "{8455370D-E3A4-3C6F-821F-13412599A7FB}"
EndProject
Project("{C0089E65-7959-3F10-4F5C-CE8F8CA3ED0A}") = "strategy", "Assembly-UnityScript-firstpass.unityproj", "{0425B09E-782E-6D7C-720C-E6D508C0B451}"
EndProject
Project("{C0089E65-7959-3F10-4F5C-CE8F8CA3ED0A}") = "strategy", "Assembly-UnityScript.unityproj", "{5AAD0691-1E7A-48B6-F6D0-B6CF60898812}"
EndProject
Global
	GlobalSection(SolutionConfigurationPlatforms) = preSolution
		Debug|Any CPU = Debug|Any CPU
		Release|Any CPU = Release|Any CPU
	EndGlobalSection
	GlobalSection(ProjectConfigurationPlatforms) = postSolution
		{8455370D-E3A4-3C6F-821F-13412599A7FB}.Debug|Any CPU.ActiveCfg = Debug|Any CPU
		{8455370D-E3A4-3C6F-821F-13412599A7FB}.Debug|Any CPU.Build.0 = Debug|Any CPU
		{8455370D-E3A4-3C6F-821F-13412599A7FB}.Release|Any CPU.ActiveCfg = Release|Any CPU
		{8455370D-E3A4-3C6F-821F-13412599A7FB}.Release|Any CPU.Build.0 = Release|Any CPU
		{0425B09E-782E-6D7C-720C-E6D508C0B451}.Debug|Any CPU.ActiveCfg = Debug|Any CPU
		{0425B09E-782E-6D7C-720C-E6D508C0B451}.Debug|Any CPU.Build.0 = Debug|Any CPU
		{0425B09E-782E-6D7C-720C-E6D508C0B451}.Release|Any CPU.ActiveCfg = Release|Any CPU
		{0425B09E-782E-6D7C-720C-E6D508C0B451}.Release|Any CPU.Build.0 = Release|Any CPU
		{5AAD0691-1E7A-48B6-F6D0-B6CF60898812}.Debug|Any CPU.ActiveCfg = Debug|Any CPU
		{5AAD0691-1E7A-48B6-F6D0-B6CF60898812}.Debug|Any CPU.Build.0 = Debug|Any CPU
		{5AAD0691-1E7A-48B6-F6D0-B6CF60898812}.Release|Any CPU.ActiveCfg = Release|Any CPU
		{5AAD0691-1E7A-48B6-F6D0-B6CF60898812}.Release|Any CPU.Build.0 = Release|Any CPU
	EndGlobalSection
	GlobalSection(SolutionProperties) = preSolution
		HideSolutionNode = FALSE
	EndGlobalSection
																																																																																																	GlobalSection(MonoDevelopProperties) = preSolution
		StartupItem = Assembly-CSharp.csproj
		Policies = $0
		$0.TextStylePolicy = $1
		$1.inheritsSet = null
		$1.scope = text/x-csharp
		$0.CSharpFormattingPolicy = $2
		$2.inheritsSet = Mono
		$2.inheritsScope = text/x-csharp
		$2.scope = text/x-csharp
		$0.TextStylePolicy = $3
		$3.FileWidth = 120
		$3.TabWidth = 4
		$3.EolMarker = Unix
		$3.inheritsSet = Mono
		$3.inheritsScope = text/plain
		$3.scope = text/plain
	EndGlobalSection

EndGlobal
